
Microsoft Visual Studio Solution File, Format Version 12.00
# Visual Studio Version 17
VisualStudioVersion = 17.1.32210.238
MinimumVisualStudioVersion = 10.0.40219.1
Project("{888888A0-9F3D-457C-B088-3A5042F75D52}") = "BankManagement", "BankManagement\BankManagement.pyproj", "{FB9CF660-D6C1-490A-982A-F769B5849590}"
EndProject
Global
	GlobalSection(SolutionConfigurationPlatforms) = preSolution
		Debug|Any CPU = Debug|Any CPU
		Release|Any CPU = Release|Any CPU
	EndGlobalSection
	GlobalSection(ProjectConfigurationPlatforms) = postSolution
		{FB9CF660-D6C1-490A-982A-F769B5849590}.Debug|Any CPU.ActiveCfg = Debug|Any CPU
		{FB9CF660-D6C1-490A-982A-F769B5849590}.Release|Any CPU.ActiveCfg = Release|Any CPU
	EndGlobalSection
	GlobalSection(SolutionProperties) = preSolution
		HideSolutionNode = FALSE
	EndGlobalSection
	GlobalSection(ExtensibilityGlobals) = postSolution
		SolutionGuid = {C8DD55B1-4162-499B-BCFC-9F8100AB6759}
	EndGlobalSection
EndGlobal
